
Microsoft Visual Studio Solution File, Format Version 12.00
# Visual Studio Version 16
VisualStudioVersion = 16.0.29509.3
MinimumVisualStudioVersion = 10.0.40219.1
Project("{FAE04EC0-301F-11D3-BF4B-00C04F79EFBC}") = "OnScreenVirtualJoystickController", "OnScreenVirtualJoystickController\OnScreenVirtualJoystickController.csproj", "{1935AD7E-89CE-4132-B7C0-5415696AB327}"
EndProject
Project("{FAE04EC0-301F-11D3-BF4B-00C04F79EFBC}") = "vJoyInterfaceWrap", "OnScreenControllerDll\vJoyInterfaceWrap.csproj", "{4954C460-80BA-4D47-8E5A-4523B8F0A858}"
EndProject
Project("{54435603-DBB4-11D2-8724-00A0C9A8B90C}") = "OnscreenControllerSetup", "OnscreenControllerSetup\Debug\OnscreenControllerSetup\OnscreenControllerSetup.vdproj", "{45A2BA32-3F8A-4B3B-8F2B-0F6CF09C2349}"
EndProject
Global
	GlobalSection(SolutionConfigurationPlatforms) = preSolution
		Debug|Any CPU = Debug|Any CPU
		Debug|x64 = Debug|x64
		Release|Any CPU = Release|Any CPU
		Release|x64 = Release|x64
	EndGlobalSection
	GlobalSection(ProjectConfigurationPlatforms) = postSolution
		{1935AD7E-89CE-4132-B7C0-5415696AB327}.Debug|Any CPU.ActiveCfg = Debug|Any CPU
		{1935AD7E-89CE-4132-B7C0-5415696AB327}.Debug|Any CPU.Build.0 = Debug|Any CPU
		{1935AD7E-89CE-4132-B7C0-5415696AB327}.Debug|x64.ActiveCfg = Debug|x64
		{1935AD7E-89CE-4132-B7C0-5415696AB327}.Debug|x64.Build.0 = Debug|x64
		{1935AD7E-89CE-4132-B7C0-5415696AB327}.Release|Any CPU.ActiveCfg = Release|Any CPU
		{1935AD7E-89CE-4132-B7C0-5415696AB327}.Release|Any CPU.Build.0 = Release|Any CPU
		{1935AD7E-89CE-4132-B7C0-5415696AB327}.Release|x64.ActiveCfg = Release|x64
		{1935AD7E-89CE-4132-B7C0-5415696AB327}.Release|x64.Build.0 = Release|x64
		{4954C460-80BA-4D47-8E5A-4523B8F0A858}.Debug|Any CPU.ActiveCfg = Debug|Any CPU
		{4954C460-80BA-4D47-8E5A-4523B8F0A858}.Debug|Any CPU.Build.0 = Debug|Any CPU
		{4954C460-80BA-4D47-8E5A-4523B8F0A858}.Debug|x64.ActiveCfg = Debug|Any CPU
		{4954C460-80BA-4D47-8E5A-4523B8F0A858}.Debug|x64.Build.0 = Debug|Any CPU
		{4954C460-80BA-4D47-8E5A-4523B8F0A858}.Release|Any CPU.ActiveCfg = Release|Any CPU
		{4954C460-80BA-4D47-8E5A-4523B8F0A858}.Release|Any CPU.Build.0 = Release|Any CPU
		{4954C460-80BA-4D47-8E5A-4523B8F0A858}.Release|x64.ActiveCfg = Release|Any CPU
		{4954C460-80BA-4D47-8E5A-4523B8F0A858}.Release|x64.Build.0 = Release|Any CPU
		{45A2BA32-3F8A-4B3B-8F2B-0F6CF09C2349}.Debug|Any CPU.ActiveCfg = Debug
		{45A2BA32-3F8A-4B3B-8F2B-0F6CF09C2349}.Debug|x64.ActiveCfg = Debug
		{45A2BA32-3F8A-4B3B-8F2B-0F6CF09C2349}.Release|Any CPU.ActiveCfg = Release
		{45A2BA32-3F8A-4B3B-8F2B-0F6CF09C2349}.Release|x64.ActiveCfg = Release
	EndGlobalSection
	GlobalSection(SolutionProperties) = preSolution
		HideSolutionNode = FALSE
	EndGlobalSection
	GlobalSection(ExtensibilityGlobals) = postSolution
		SolutionGuid = {E4A81DD1-8C98-4602-97AD-3A9CA749E7CA}
	EndGlobalSection
EndGlobal
